
Microsoft Visual Studio Solution File, Format Version 12.00
# Visual Studio Version 17
VisualStudioVersion = 17.4.33103.184
MinimumVisualStudioVersion = 10.0.40219.1
Project("{9A19103F-16F7-4668-BE54-9A1E7A4F7556}") = "SLPCore", "SLPCore\SLPCore.csproj", "{105DD1DA-190E-4D94-9B8D-ED3913E5F582}"
EndProject
Project("{FAE04EC0-301F-11D3-BF4B-00C04F79EFBC}") = "SLPFramework", "SLPFramework\SLPFramework.csproj", "{BA342F6E-E11C-4B69-BC84-3E4B789C0739}"
EndProject
Global
	GlobalSection(SolutionConfigurationPlatforms) = preSolution
		Debug|Any CPU = Debug|Any CPU
		Release|Any CPU = Release|Any CPU
	EndGlobalSection
	GlobalSection(ProjectConfigurationPlatforms) = postSolution
		{105DD1DA-190E-4D94-9B8D-ED3913E5F582}.Debug|Any CPU.ActiveCfg = Debug|Any CPU
		{105DD1DA-190E-4D94-9B8D-ED3913E5F582}.Debug|Any CPU.Build.0 = Debug|Any CPU
		{105DD1DA-190E-4D94-9B8D-ED3913E5F582}.Release|Any CPU.ActiveCfg = Release|Any CPU
		{105DD1DA-190E-4D94-9B8D-ED3913E5F582}.Release|Any CPU.Build.0 = Release|Any CPU
		{BA342F6E-E11C-4B69-BC84-3E4B789C0739}.Debug|Any CPU.ActiveCfg = Debug|Any CPU
		{BA342F6E-E11C-4B69-BC84-3E4B789C0739}.Debug|Any CPU.Build.0 = Debug|Any CPU
		{BA342F6E-E11C-4B69-BC84-3E4B789C0739}.Release|Any CPU.ActiveCfg = Release|Any CPU
		{BA342F6E-E11C-4B69-BC84-3E4B789C0739}.Release|Any CPU.Build.0 = Release|Any CPU
	EndGlobalSection
	GlobalSection(SolutionProperties) = preSolution
		HideSolutionNode = FALSE
	EndGlobalSection
	GlobalSection(ExtensibilityGlobals) = postSolution
		SolutionGuid = {5CB73B47-6A38-4520-981E-F43D23ABFE07}
	EndGlobalSection
EndGlobal
